// !$*UTF8*$!
{
	archiveVersion = 1;
	classes = {
	};
	objectVersion = 50;
	objects = {

/* Begin PBXBuildFile section */
		1CA8ED38231A0D0F00305444 /* AppDelegate.swift in Sources */ = {isa = PBXBuildFile; fileRef = 1CA8ED37231A0D0F00305444 /* AppDelegate.swift */; };
		1CA8ED3A231A0D0F00305444 /* SceneDelegate.swift in Sources */ = {isa = PBXBuildFile; fileRef = 1CA8ED39231A0D0F00305444 /* SceneDelegate.swift */; };
		1CA8ED3C231A0D0F00305444 /* ViewController.swift in Sources */ = {isa = PBXBuildFile; fileRef = 1CA8ED3B231A0D0F00305444 /* ViewController.swift */; };
		1CA8ED3F231A0D1000305444 /* Main.storyboard in Resources */ = {isa = PBXBuildFile; fileRef = 1CA8ED3D231A0D1000305444 /* Main.storyboard */; };
		1CA8ED41231A0D1000305444 /* Assets.xcassets in Resources */ = {isa = PBXBuildFile; fileRef = 1CA8ED40231A0D1000305444 /* Assets.xcassets */; };
		1CA8ED44231A0D1000305444 /* LaunchScreen.storyboard in Resources */ = {isa = PBXBuildFile; fileRef = 1CA8ED42231A0D1000305444 /* LaunchScreen.storyboard */; };
/* End PBXBuildFile section */

/* Begin PBXFileReference section */
		1CA8ED34231A0D0F00305444 /* NewAzsProduct.app */ = {isa = PBXFileReference; explicitFileType = wrapper.application; includeInIndex = 0; path = NewAzsProduct.app; sourceTree = BUILT_PRODUCTS_DIR; };
		1CA8ED37231A0D0F00305444 /* AppDelegate.swift */ = {isa = PBXFileReference; lastKnownFileType = sourcecode.swift; path = AppDelegate.swift; sourceTree = "<group>"; };
		1CA8ED39231A0D0F00305444 /* SceneDelegate.swift */ = {isa = PBXFileReference; lastKnownFileType = sourcecode.swift; path = SceneDelegate.swift; sourceTree = "<group>"; };
		1CA8ED3B231A0D0F00305444 /* ViewController.swift */ = {isa = PBXFileReference; lastKnownFileType = sourcecode.swift; path = ViewController.swift; sourceTree = "<group>"; };
		1CA8ED3E231A0D1000305444 /* Base */ = {isa = PBXFileReference; lastKnownFileType = file.storyboard; name = Base; path = Base.lproj/Main.storyboard; sourceTree = "<group>"; };
		1CA8ED40231A0D1000305444 /* Assets.xcassets */ = {isa = PBXFileReference; lastKnownFileType = folder.assetcatalog; path = Assets.xcassets; sourceTree = "<group>"; };
		1CA8ED43231A0D1000305444 /* Base */ = {isa = PBXFileReference; lastKnownFileType = file.storyboard; name = Base; path = Base.lproj/LaunchScreen.storyboard; sourceTree = "<group>"; };
		1CA8ED45231A0D1000305444 /* Info.plist */ = {isa = PBXFileReference; lastKnownFileType = text.plist.xml; path = Info.plist; sourceTree = "<group>"; };
/* End PBXFileReference section */

/* Begin PBXFrameworksBuildPhase section */
		1CA8ED31231A0D0F00305444 /* Frameworks */ = {
			isa = PBXFrameworksBuildPhase;
			buildActionMask = 2147483647;
			files = (
			);
			runOnlyForDeploymentPostprocessing = 0;
		};
/* End PBXFrameworksBuildPhase section */

/* Begin PBXGroup section */
		1CA8ED2B231A0D0F00305444 = {
			isa = PBXGroup;
			children = (
				1CA8ED36231A0D0F00305444 /* NewAzsProduct */,
				1CA8ED35231A0D0F00305444 /* Products */,
			);
			sourceTree = "<group>";
		};
		1CA8ED35231A0D0F00305444 /* Products */ = {
			isa = PBXGroup;
			children = (
				1CA8ED34231A0D0F00305444 /* NewAzsProduct.app */,
			);
			name = Products;
			sourceTree = "<group>";
		};
		1CA8ED36231A0D0F00305444 /* NewAzsProduct */ = {
			isa = PBXGroup;
			children = (
				1CA8ED37231A0D0F00305444 /* AppDelegate.swift */,
				1CA8ED39231A0D0F00305444 /* SceneDelegate.swift */,
				1CA8ED3B231A0D0F00305444 /* ViewController.swift */,
				1CA8ED3D231A0D1000305444 /* Main.storyboard */,
				1CA8ED40231A0D1000305444 /* Assets.xcassets */,
				1CA8ED42231A0D1000305444 /* LaunchScreen.storyboard */,
				1CA8ED45231A0D1000305444 /* Info.plist */,
			);
			path = NewAzsProduct;
			sourceTree = "<group>";
		};
/* End PBXGroup section */

/* Begin PBXNativeTarget section */
		1CA8ED33231A0D0F00305444 /* NewAzsProduct */ = {
			isa = PBXNativeTarget;
			buildConfigurationList = 1CA8ED48231A0D1000305444 /* Build configuration list for PBXNativeTarget "NewAzsProduct" */;
			buildPhases = (
				1CA8ED30231A0D0F00305444 /* Sources */,
				1CA8ED31231A0D0F00305444 /* Frameworks */,
				1CA8ED32231A0D0F00305444 /* Resources */,
			);
			buildRules = (
			);
			dependencies = (
			);
			name = NewAzsProduct;
			productName = NewAzsProduct;
			productReference = 1CA8ED34231A0D0F00305444 /* NewAzsProduct.app */;
			productType = "com.apple.product-type.application";
		};
/* End PBXNativeTarget section */

/* Begin PBXProject section */
		1CA8ED2C231A0D0F00305444 /* Project object */ = {
			isa = PBXProject;
			attributes = {
				LastSwiftUpdateCheck = 1100;
				LastUpgradeCheck = 1100;
				ORGANIZATIONNAME = "Сергей Косилов";
				TargetAttributes = {
					1CA8ED33231A0D0F00305444 = {
						CreatedOnToolsVersion = 11.0;
					};
				};
			};
			buildConfigurationList = 1CA8ED2F231A0D0F00305444 /* Build configuration list for PBXProject "NewAzsProduct" */;
			compatibilityVersion = "Xcode 9.3";
			developmentRegion = en;
			hasScannedForEncodings = 0;
			knownRegions = (
				en,
				Base,
			);
			mainGroup = 1CA8ED2B231A0D0F00305444;
			productRefGroup = 1CA8ED35231A0D0F00305444 /* Products */;
			projectDirPath = "";
			projectRoot = "";
			targets = (
				1CA8ED33231A0D0F00305444 /* NewAzsProduct */,
			);
		};
/* End PBXProject section */

/* Begin PBXResourcesBuildPhase section */
		1CA8ED32231A0D0F00305444 /* Resources */ = {
			isa = PBXResourcesBuildPhase;
			buildActionMask = 2147483647;
			files = (
				1CA8ED44231A0D1000305444 /* LaunchScreen.storyboard in Resources */,
				1CA8ED41231A0D1000305444 /* Assets.xcassets in Resources */,
				1CA8ED3F231A0D1000305444 /* Main.storyboard in Resources */,
			);
			runOnlyForDeploymentPostprocessing = 0;
		};
/* End PBXResourcesBuildPhase section */

/* Begin PBXSourcesBuildPhase section */
		1CA8ED30231A0D0F00305444 /* Sources */ = {
			isa = PBXSourcesBuildPhase;
			buildActionMask = 2147483647;
			files = (
				1CA8ED3C231A0D0F00305444 /* ViewController.swift in Sources */,
				1CA8ED38231A0D0F00305444 /* AppDelegate.swift in Sources */,
				1CA8ED3A231A0D0F00305444 /* SceneDelegate.swift in Sources */,
			);
			runOnlyForDeploymentPostprocessing = 0;
		};
/* End PBXSourcesBuildPhase section */

/* Begin PBXVariantGroup section */
		1CA8ED3D231A0D1000305444 /* Main.storyboard */ = {
			isa = PBXVariantGroup;
			children = (
				1CA8ED3E231A0D1000305444 /* Base */,
			);
			name = Main.storyboard;
			sourceTree = "<group>";
		};
		1CA8ED42231A0D1000305444 /* LaunchScreen.storyboard */ = {
			isa = PBXVariantGroup;
			children = (
				1CA8ED43231A0D1000305444 /* Base */,
			);
			name = LaunchScreen.storyboard;
			sourceTree = "<group>";
		};
/* End PBXVariantGroup section */

/* Begin XCBuildConfiguration section */
		1CA8ED46231A0D1000305444 /* Debug */ = {
			isa = XCBuildConfiguration;
			buildSettings = {
				ALWAYS_SEARCH_USER_PATHS = NO;
				CLANG_ANALYZER_NONNULL = YES;
				CLANG_ANALYZER_NUMBER_OBJECT_CONVERSION = YES_AGGRESSIVE;
				CLANG_CXX_LANGUAGE_STANDARD = "gnu++14";
				CLANG_CXX_LIBRARY = "libc++";
				CLANG_ENABLE_MODULES = YES;
				CLANG_ENABLE_OBJC_ARC = YES;
				CLANG_ENABLE_OBJC_WEAK = YES;
				CLANG_WARN_BLOCK_CAPTURE_AUTORELEASING = YES;
				CLANG_WARN_BOOL_CONVERSION = YES;
				CLANG_WARN_COMMA = YES;
				CLANG_WARN_CONSTANT_CONVERSION = YES;
				CLANG_WARN_DEPRECATED_OBJC_IMPLEMENTATIONS = YES;
				CLANG_WARN_DIRECT_OBJC_ISA_USAGE = YES_ERROR;
				CLANG_WARN_DOCUMENTATION_COMMENTS = YES;
				CLANG_WARN_EMPTY_BODY = YES;
				CLANG_WARN_ENUM_CONVERSION = YES;
				CLANG_WARN_INFINITE_RECURSION = YES;
				CLANG_WARN_INT_CONVERSION = YES;
				CLANG_WARN_NON_LITERAL_NULL_CONVERSION = YES;
				CLANG_WARN_OBJC_IMPLICIT_RETAIN_SELF = YES;
				CLANG_WARN_OBJC_LITERAL_CONVERSION = YES;
				CLANG_WARN_OBJC_ROOT_CLASS = YES_ERROR;
				CLANG_WARN_RANGE_LOOP_ANALYSIS = YES;
				CLANG_WARN_STRICT_PROTOTYPES = YES;
				CLANG_WARN_SUSPICIOUS_MOVE = YES;
				CLANG_WARN_UNGUARDED_AVAILABILITY = YES_AGGRESSIVE;
				CLANG_WARN_UNREACHABLE_CODE = YES;
				CLANG_WARN__DUPLICATE_METHOD_MATCH = YES;
				COPY_PHASE_STRIP = NO;
				DEBUG_INFORMATION_FORMAT = dwarf;
				ENABLE_STRICT_OBJC_MSGSEND = YES;
				ENABLE_TESTABILITY = YES;
				GCC_C_LANGUAGE_STANDARD = gnu11;
				GCC_DYNAMIC_NO_PIC = NO;
				GCC_NO_COMMON_BLOCKS = YES;
				GCC_OPTIMIZATION_LEVEL = 0;
				GCC_PREPROCESSOR_DEFINITIONS = (
					"DEBUG=1",
					"$(inherited)",
				);
				GCC_WARN_64_TO_32_BIT_CONVERSION = YES;
				GCC_WARN_ABOUT_RETURN_TYPE = YES_ERROR;
				GCC_WARN_UNDECLARED_SELECTOR = YES;
				GCC_WARN_UNINITIALIZED_AUTOS = YES_AGGRESSIVE;
				GCC_WARN_UNUSED_FUNCTION = YES;
				GCC_WARN_UNUSED_VARIABLE = YES;
				IPHONEOS_DEPLOYMENT_TARGET = 13.0;
				MTL_ENABLE_DEBUG_INFO = INCLUDE_SOURCE;
				MTL_FAST_MATH = YES;
				ONLY_ACTIVE_ARCH = YES;
				SDKROOT = iphoneos;
				SWIFT_ACTIVE_COMPILATION_CONDITIONS = DEBUG;
				SWIFT_OPTIMIZATION_LEVEL = "-Onone";
			};
			name = Debug;
		};
		1CA8ED47231A0D1000305444 /* Release */ = {
			isa = XCBuildConfiguration;
			buildSettings = {
				ALWAYS_SEARCH_USER_PATHS = NO;
				CLANG_ANALYZER_NONNULL = YES;
				CLANG_ANALYZER_NUMBER_OBJECT_CONVERSION = YES_AGGRESSIVE;
				CLANG_CXX_LANGUAGE_STANDARD = "gnu++14";
				CLANG_CXX_LIBRARY = "libc++";
				CLANG_ENABLE_MODULES = YES;
				CLANG_ENABLE_OBJC_ARC = YES;
				CLANG_ENABLE_OBJC_WEAK = YES;
				CLANG_WARN_BLOCK_CAPTURE_AUTORELEASING = YES;
				CLANG_WARN_BOOL_CONVERSION = YES;
				CLANG_WARN_COMMA = YES;
				CLANG_WARN_CONSTANT_CONVERSION = YES;
				CLANG_WARN_DEPRECATED_OBJC_IMPLEMENTATIONS = YES;
				CLANG_WARN_DIRECT_OBJC_ISA_USAGE = YES_ERROR;
				CLANG_WARN_DOCUMENTATION_COMMENTS = YES;
				CLANG_WARN_EMPTY_BODY = YES;
				CLANG_WARN_ENUM_CONVERSION = YES;
				CLANG_WARN_INFINITE_RECURSION = YES;
				CLANG_WARN_INT_CONVERSION = YES;
				CLANG_WARN_NON_LITERAL_NULL_CONVERSION = YES;
				CLANG_WARN_OBJC_IMPLICIT_RETAIN_SELF = YES;
				CLANG_WARN_OBJC_LITERAL_CONVERSION = YES;
				CLANG_WARN_OBJC_ROOT_CLASS = YES_ERROR;
				CLANG_WARN_RANGE_LOOP_ANALYSIS = YES;
				CLANG_WARN_STRICT_PROTOTYPES = YES;
				CLANG_WARN_SUSPICIOUS_MOVE = YES;
				CLANG_WARN_UNGUARDED_AVAILABILITY = YES_AGGRESSIVE;
				CLANG_WARN_UNREACHABLE_CODE = YES;
				CLANG_WARN__DUPLICATE_METHOD_MATCH = YES;
				COPY_PHASE_STRIP = NO;
				DEBUG_INFORMATION_FORMAT = "dwarf-with-dsym";
				ENABLE_NS_ASSERTIONS = NO;
				ENABLE_STRICT_OBJC_MSGSEND = YES;
				GCC_C_LANGUAGE_STANDARD = gnu11;
				GCC_NO_COMMON_BLOCKS = YES;
				GCC_WARN_64_TO_32_BIT_CONVERSION = YES;
				GCC_WARN_ABOUT_RETURN_TYPE = YES_ERROR;
				GCC_WARN_UNDECLARED_SELECTOR = YES;
				GCC_WARN_UNINITIALIZED_AUTOS = YES_AGGRESSIVE;
				GCC_WARN_UNUSED_FUNCTION = YES;
				GCC_WARN_UNUSED_VARIABLE = YES;
				IPHONEOS_DEPLOYMENT_TARGET = 13.0;
				MTL_ENABLE_DEBUG_INFO = NO;
				MTL_FAST_MATH = YES;
				SDKROOT = iphoneos;
				SWIFT_COMPILATION_MODE = wholemodule;
				SWIFT_OPTIMIZATION_LEVEL = "-O";
				VALIDATE_PRODUCT = YES;
			};
			name = Release;
		};
		1CA8ED49231A0D1000305444 /* Debug */ = {
			isa = XCBuildConfiguration;
			buildSettings = {
				ASSETCATALOG_COMPILER_APPICON_NAME = AppIcon;
				CODE_SIGN_STYLE = Automatic;
				INFOPLIST_FILE = NewAzsProduct/Info.plist;
				LD_RUNPATH_SEARCH_PATHS = (
					"$(inherited)",
					"@executable_path/Frameworks",
				);
				PRODUCT_BUNDLE_IDENTIFIER = "Sergey-Kosilov.NewAzsProduct";
				PRODUCT_NAME = "$(TARGET_NAME)";
				SWIFT_VERSION = 5.0;
				TARGETED_DEVICE_FAMILY = "1,2";
			};
			name = Debug;
		};
		1CA8ED4A231A0D1000305444 /* Release */ = {
			isa = XCBuildConfiguration;
			buildSettings = {
				ASSETCATALOG_COMPILER_APPICON_NAME = AppIcon;
				CODE_SIGN_STYLE = Automatic;
				INFOPLIST_FILE = NewAzsProduct/Info.plist;
				LD_RUNPATH_SEARCH_PATHS = (
					"$(inherited)",
					"@executable_path/Frameworks",
				);
				PRODUCT_BUNDLE_IDENTIFIER = "Sergey-Kosilov.NewAzsProduct";
				PRODUCT_NAME = "$(TARGET_NAME)";
				SWIFT_VERSION = 5.0;
				TARGETED_DEVICE_FAMILY = "1,2";
			};
			name = Release;
		};
/* End XCBuildConfiguration section */

/* Begin XCConfigurationList section */
		1CA8ED2F231A0D0F00305444 /* Build configuration list for PBXProject "NewAzsProduct" */ = {
			isa = XCConfigurationList;
			buildConfigurations = (
				1CA8ED46231A0D1000305444 /* Debug */,
				1CA8ED47231A0D1000305444 /* Release */,
			);
			defaultConfigurationIsVisible = 0;
			defaultConfigurationName = Release;
		};
		1CA8ED48231A0D1000305444 /* Build configuration list for PBXNativeTarget "NewAzsProduct" */ = {
			isa = XCConfigurationList;
			buildConfigurations = (
				1CA8ED49231A0D1000305444 /* Debug */,
				1CA8ED4A231A0D1000305444 /* Release */,
			);
			defaultConfigurationIsVisible = 0;
			defaultConfigurationName = Release;
		};
/* End XCConfigurationList section */
	};
	rootObject = 1CA8ED2C231A0D0F00305444 /* Project object */;
}
