// !$*UTF8*$!
{
	archiveVersion = 1;
	classes = {
	};
	objectVersion = 50;
	objects = {

/* Begin PBXBuildFile section */
		1C27188F231EEF9600FC4C3B /* TypePickerView.swift in Sources */ = {isa = PBXBuildFile; fileRef = 1C27188E231EEF9600FC4C3B /* TypePickerView.swift */; };
		1C271891231EEFD300FC4C3B /* ShelvesPickerView.swift in Sources */ = {isa = PBXBuildFile; fileRef = 1C271890231EEFD300FC4C3B /* ShelvesPickerView.swift */; };
		1C27189323203FA900FC4C3B /* IdTableViewCell.swift in Sources */ = {isa = PBXBuildFile; fileRef = 1C27189223203FA900FC4C3B /* IdTableViewCell.swift */; };
		1C2718952320400500FC4C3B /* NameTextField.swift in Sources */ = {isa = PBXBuildFile; fileRef = 1C2718942320400500FC4C3B /* NameTextField.swift */; };
		1C2718972320403500FC4C3B /* IdTextField.swift in Sources */ = {isa = PBXBuildFile; fileRef = 1C2718962320403500FC4C3B /* IdTextField.swift */; };
		1C6B1408231AD903003BE8DE /* UserAzs.swift in Sources */ = {isa = PBXBuildFile; fileRef = 1C6B1407231AD903003BE8DE /* UserAzs.swift */; };
		1C6B140C231ADD91003BE8DE /* UserTypeAzs.swift in Sources */ = {isa = PBXBuildFile; fileRef = 1C6B140B231ADD91003BE8DE /* UserTypeAzs.swift */; };
		1C6B140E231ADE44003BE8DE /* Shelves.swift in Sources */ = {isa = PBXBuildFile; fileRef = 1C6B140D231ADE44003BE8DE /* Shelves.swift */; };
		1C6B1410231AE094003BE8DE /* ProductAzs.swift in Sources */ = {isa = PBXBuildFile; fileRef = 1C6B140F231AE094003BE8DE /* ProductAzs.swift */; };
		1C6B1412231AE13D003BE8DE /* TypeProduct.swift in Sources */ = {isa = PBXBuildFile; fileRef = 1C6B1411231AE13D003BE8DE /* TypeProduct.swift */; };
		1C6B1414231AE33D003BE8DE /* Azs.swift in Sources */ = {isa = PBXBuildFile; fileRef = 1C6B1413231AE33D003BE8DE /* Azs.swift */; };
		1C6B1416231AF88C003BE8DE /* ProductTableViewController.swift in Sources */ = {isa = PBXBuildFile; fileRef = 1C6B1415231AF88C003BE8DE /* ProductTableViewController.swift */; };
		1C8743AB231C3131001EB4B8 /* DetailTableViewController.swift in Sources */ = {isa = PBXBuildFile; fileRef = 1C8743AA231C3131001EB4B8 /* DetailTableViewController.swift */; };
		1C8743D3231D6908001EB4B8 /* MyButton.swift in Sources */ = {isa = PBXBuildFile; fileRef = 1C8743D2231D6908001EB4B8 /* MyButton.swift */; };
		1CA8ED38231A0D0F00305444 /* AppDelegate.swift in Sources */ = {isa = PBXBuildFile; fileRef = 1CA8ED37231A0D0F00305444 /* AppDelegate.swift */; };
		1CA8ED3A231A0D0F00305444 /* SceneDelegate.swift in Sources */ = {isa = PBXBuildFile; fileRef = 1CA8ED39231A0D0F00305444 /* SceneDelegate.swift */; };
		1CA8ED3F231A0D1000305444 /* Main.storyboard in Resources */ = {isa = PBXBuildFile; fileRef = 1CA8ED3D231A0D1000305444 /* Main.storyboard */; };
		1CA8ED41231A0D1000305444 /* Assets.xcassets in Resources */ = {isa = PBXBuildFile; fileRef = 1CA8ED40231A0D1000305444 /* Assets.xcassets */; };
		1CA8ED44231A0D1000305444 /* LaunchScreen.storyboard in Resources */ = {isa = PBXBuildFile; fileRef = 1CA8ED42231A0D1000305444 /* LaunchScreen.storyboard */; };
		1CA8ED4C231A0D2600305444 /* AutorizationViewController.swift in Sources */ = {isa = PBXBuildFile; fileRef = 1CA8ED4B231A0D2600305444 /* AutorizationViewController.swift */; };
		1CE2340A231DA7DA005F738F /* ExpendablesProduct.swift in Sources */ = {isa = PBXBuildFile; fileRef = 1CE23409231DA7DA005F738F /* ExpendablesProduct.swift */; };
		1CE2340C231DE5DE005F738F /* NameTableViewCell.swift in Sources */ = {isa = PBXBuildFile; fileRef = 1CE2340B231DE5DE005F738F /* NameTableViewCell.swift */; };
		1CE2340E231DE61D005F738F /* TypeNameTableViewCell.swift in Sources */ = {isa = PBXBuildFile; fileRef = 1CE2340D231DE61D005F738F /* TypeNameTableViewCell.swift */; };
		1CE23410231DE6F0005F738F /* TypePickerTableViewCell.swift in Sources */ = {isa = PBXBuildFile; fileRef = 1CE2340F231DE6F0005F738F /* TypePickerTableViewCell.swift */; };
		1CE23412231DE741005F738F /* DateLabelTableViewCell.swift in Sources */ = {isa = PBXBuildFile; fileRef = 1CE23411231DE741005F738F /* DateLabelTableViewCell.swift */; };
		1CE23414231DE785005F738F /* DatePickerTableViewCell.swift in Sources */ = {isa = PBXBuildFile; fileRef = 1CE23413231DE785005F738F /* DatePickerTableViewCell.swift */; };
		1CE23416231DE7E9005F738F /* ShelvesLabelTableViewCell.swift in Sources */ = {isa = PBXBuildFile; fileRef = 1CE23415231DE7E9005F738F /* ShelvesLabelTableViewCell.swift */; };
		1CE23418231DE833005F738F /* ShelvesPickerTableViewCell.swift in Sources */ = {isa = PBXBuildFile; fileRef = 1CE23417231DE833005F738F /* ShelvesPickerTableViewCell.swift */; };
/* End PBXBuildFile section */

/* Begin PBXFileReference section */
		1C27188E231EEF9600FC4C3B /* TypePickerView.swift */ = {isa = PBXFileReference; lastKnownFileType = sourcecode.swift; path = TypePickerView.swift; sourceTree = "<group>"; };
		1C271890231EEFD300FC4C3B /* ShelvesPickerView.swift */ = {isa = PBXFileReference; lastKnownFileType = sourcecode.swift; path = ShelvesPickerView.swift; sourceTree = "<group>"; };
		1C27189223203FA900FC4C3B /* IdTableViewCell.swift */ = {isa = PBXFileReference; lastKnownFileType = sourcecode.swift; path = IdTableViewCell.swift; sourceTree = "<group>"; };
		1C2718942320400500FC4C3B /* NameTextField.swift */ = {isa = PBXFileReference; lastKnownFileType = sourcecode.swift; path = NameTextField.swift; sourceTree = "<group>"; };
		1C2718962320403500FC4C3B /* IdTextField.swift */ = {isa = PBXFileReference; lastKnownFileType = sourcecode.swift; path = IdTextField.swift; sourceTree = "<group>"; };
		1C6B1407231AD903003BE8DE /* UserAzs.swift */ = {isa = PBXFileReference; lastKnownFileType = sourcecode.swift; path = UserAzs.swift; sourceTree = "<group>"; };
		1C6B140B231ADD91003BE8DE /* UserTypeAzs.swift */ = {isa = PBXFileReference; lastKnownFileType = sourcecode.swift; path = UserTypeAzs.swift; sourceTree = "<group>"; };
		1C6B140D231ADE44003BE8DE /* Shelves.swift */ = {isa = PBXFileReference; lastKnownFileType = sourcecode.swift; path = Shelves.swift; sourceTree = "<group>"; };
		1C6B140F231AE094003BE8DE /* ProductAzs.swift */ = {isa = PBXFileReference; lastKnownFileType = sourcecode.swift; path = ProductAzs.swift; sourceTree = "<group>"; };
		1C6B1411231AE13D003BE8DE /* TypeProduct.swift */ = {isa = PBXFileReference; lastKnownFileType = sourcecode.swift; path = TypeProduct.swift; sourceTree = "<group>"; };
		1C6B1413231AE33D003BE8DE /* Azs.swift */ = {isa = PBXFileReference; lastKnownFileType = sourcecode.swift; path = Azs.swift; sourceTree = "<group>"; };
		1C6B1415231AF88C003BE8DE /* ProductTableViewController.swift */ = {isa = PBXFileReference; lastKnownFileType = sourcecode.swift; path = ProductTableViewController.swift; sourceTree = "<group>"; };
		1C8743AA231C3131001EB4B8 /* DetailTableViewController.swift */ = {isa = PBXFileReference; lastKnownFileType = sourcecode.swift; path = DetailTableViewController.swift; sourceTree = "<group>"; };
		1C8743D2231D6908001EB4B8 /* MyButton.swift */ = {isa = PBXFileReference; lastKnownFileType = sourcecode.swift; path = MyButton.swift; sourceTree = "<group>"; };
		1CA8ED34231A0D0F00305444 /* NewAzsProduct.app */ = {isa = PBXFileReference; explicitFileType = wrapper.application; includeInIndex = 0; path = NewAzsProduct.app; sourceTree = BUILT_PRODUCTS_DIR; };
		1CA8ED37231A0D0F00305444 /* AppDelegate.swift */ = {isa = PBXFileReference; lastKnownFileType = sourcecode.swift; path = AppDelegate.swift; sourceTree = "<group>"; };
		1CA8ED39231A0D0F00305444 /* SceneDelegate.swift */ = {isa = PBXFileReference; lastKnownFileType = sourcecode.swift; path = SceneDelegate.swift; sourceTree = "<group>"; };
		1CA8ED3E231A0D1000305444 /* Base */ = {isa = PBXFileReference; lastKnownFileType = file.storyboard; name = Base; path = Base.lproj/Main.storyboard; sourceTree = "<group>"; };
		1CA8ED40231A0D1000305444 /* Assets.xcassets */ = {isa = PBXFileReference; lastKnownFileType = folder.assetcatalog; path = Assets.xcassets; sourceTree = "<group>"; };
		1CA8ED43231A0D1000305444 /* Base */ = {isa = PBXFileReference; lastKnownFileType = file.storyboard; name = Base; path = Base.lproj/LaunchScreen.storyboard; sourceTree = "<group>"; };
		1CA8ED45231A0D1000305444 /* Info.plist */ = {isa = PBXFileReference; lastKnownFileType = text.plist.xml; path = Info.plist; sourceTree = "<group>"; };
		1CA8ED4B231A0D2600305444 /* AutorizationViewController.swift */ = {isa = PBXFileReference; lastKnownFileType = sourcecode.swift; path = AutorizationViewController.swift; sourceTree = "<group>"; };
		1CE23409231DA7DA005F738F /* ExpendablesProduct.swift */ = {isa = PBXFileReference; lastKnownFileType = sourcecode.swift; path = ExpendablesProduct.swift; sourceTree = "<group>"; };
		1CE2340B231DE5DE005F738F /* NameTableViewCell.swift */ = {isa = PBXFileReference; lastKnownFileType = sourcecode.swift; path = NameTableViewCell.swift; sourceTree = "<group>"; };
		1CE2340D231DE61D005F738F /* TypeNameTableViewCell.swift */ = {isa = PBXFileReference; lastKnownFileType = sourcecode.swift; path = TypeNameTableViewCell.swift; sourceTree = "<group>"; };
		1CE2340F231DE6F0005F738F /* TypePickerTableViewCell.swift */ = {isa = PBXFileReference; lastKnownFileType = sourcecode.swift; path = TypePickerTableViewCell.swift; sourceTree = "<group>"; };
		1CE23411231DE741005F738F /* DateLabelTableViewCell.swift */ = {isa = PBXFileReference; lastKnownFileType = sourcecode.swift; path = DateLabelTableViewCell.swift; sourceTree = "<group>"; };
		1CE23413231DE785005F738F /* DatePickerTableViewCell.swift */ = {isa = PBXFileReference; lastKnownFileType = sourcecode.swift; path = DatePickerTableViewCell.swift; sourceTree = "<group>"; };
		1CE23415231DE7E9005F738F /* ShelvesLabelTableViewCell.swift */ = {isa = PBXFileReference; lastKnownFileType = sourcecode.swift; path = ShelvesLabelTableViewCell.swift; sourceTree = "<group>"; };
		1CE23417231DE833005F738F /* ShelvesPickerTableViewCell.swift */ = {isa = PBXFileReference; lastKnownFileType = sourcecode.swift; path = ShelvesPickerTableViewCell.swift; sourceTree = "<group>"; };
/* End PBXFileReference section */

/* Begin PBXFrameworksBuildPhase section */
		1CA8ED31231A0D0F00305444 /* Frameworks */ = {
			isa = PBXFrameworksBuildPhase;
			buildActionMask = 2147483647;
			files = (
			);
			runOnlyForDeploymentPostprocessing = 0;
		};
/* End PBXFrameworksBuildPhase section */

/* Begin PBXGroup section */
		1C8743D1231D68DA001EB4B8 /* Extension */ = {
			isa = PBXGroup;
			children = (
				1C8743D2231D6908001EB4B8 /* MyButton.swift */,
				1C27188E231EEF9600FC4C3B /* TypePickerView.swift */,
				1C271890231EEFD300FC4C3B /* ShelvesPickerView.swift */,
				1C2718942320400500FC4C3B /* NameTextField.swift */,
				1C2718962320403500FC4C3B /* IdTextField.swift */,
			);
			path = Extension;
			sourceTree = "<group>";
		};
		1CA8ED2B231A0D0F00305444 = {
			isa = PBXGroup;
			children = (
				1CA8ED36231A0D0F00305444 /* NewAzsProduct */,
				1CA8ED35231A0D0F00305444 /* Products */,
			);
			sourceTree = "<group>";
		};
		1CA8ED35231A0D0F00305444 /* Products */ = {
			isa = PBXGroup;
			children = (
				1CA8ED34231A0D0F00305444 /* NewAzsProduct.app */,
			);
			name = Products;
			sourceTree = "<group>";
		};
		1CA8ED36231A0D0F00305444 /* NewAzsProduct */ = {
			isa = PBXGroup;
			children = (
				1C8743D1231D68DA001EB4B8 /* Extension */,
				1CA8ED45231A0D1000305444 /* Info.plist */,
				1CA8ED55231A0DBB00305444 /* Resourse */,
				1CA8ED56231A0DD700305444 /* Controllers */,
				1CA8ED52231A0D9100305444 /* Manager */,
				1CA8ED51231A0D8A00305444 /* View */,
				1CA8ED50231A0D7E00305444 /* Storyboard */,
				1CA8ED4F231A0D5100305444 /* Network */,
				1CA8ED4E231A0D4B00305444 /* App */,
				1CA8ED4D231A0D4300305444 /* Model */,
			);
			path = NewAzsProduct;
			sourceTree = "<group>";
		};
		1CA8ED4D231A0D4300305444 /* Model */ = {
			isa = PBXGroup;
			children = (
				1C6B1407231AD903003BE8DE /* UserAzs.swift */,
				1C6B140B231ADD91003BE8DE /* UserTypeAzs.swift */,
				1C6B140D231ADE44003BE8DE /* Shelves.swift */,
				1C6B140F231AE094003BE8DE /* ProductAzs.swift */,
				1C6B1411231AE13D003BE8DE /* TypeProduct.swift */,
				1C6B1413231AE33D003BE8DE /* Azs.swift */,
				1CE23409231DA7DA005F738F /* ExpendablesProduct.swift */,
			);
			path = Model;
			sourceTree = "<group>";
		};
		1CA8ED4E231A0D4B00305444 /* App */ = {
			isa = PBXGroup;
			children = (
				1CA8ED37231A0D0F00305444 /* AppDelegate.swift */,
				1CA8ED39231A0D0F00305444 /* SceneDelegate.swift */,
			);
			path = App;
			sourceTree = "<group>";
		};
		1CA8ED4F231A0D5100305444 /* Network */ = {
			isa = PBXGroup;
			children = (
			);
			path = Network;
			sourceTree = "<group>";
		};
		1CA8ED50231A0D7E00305444 /* Storyboard */ = {
			isa = PBXGroup;
			children = (
				1CA8ED42231A0D1000305444 /* LaunchScreen.storyboard */,
				1CA8ED3D231A0D1000305444 /* Main.storyboard */,
			);
			path = Storyboard;
			sourceTree = "<group>";
		};
		1CA8ED51231A0D8A00305444 /* View */ = {
			isa = PBXGroup;
			children = (
				1CE2340B231DE5DE005F738F /* NameTableViewCell.swift */,
				1CE2340D231DE61D005F738F /* TypeNameTableViewCell.swift */,
				1CE2340F231DE6F0005F738F /* TypePickerTableViewCell.swift */,
				1CE23411231DE741005F738F /* DateLabelTableViewCell.swift */,
				1CE23413231DE785005F738F /* DatePickerTableViewCell.swift */,
				1CE23415231DE7E9005F738F /* ShelvesLabelTableViewCell.swift */,
				1CE23417231DE833005F738F /* ShelvesPickerTableViewCell.swift */,
				1C27189223203FA900FC4C3B /* IdTableViewCell.swift */,
			);
			path = View;
			sourceTree = "<group>";
		};
		1CA8ED52231A0D9100305444 /* Manager */ = {
			isa = PBXGroup;
			children = (
			);
			path = Manager;
			sourceTree = "<group>";
		};
		1CA8ED55231A0DBB00305444 /* Resourse */ = {
			isa = PBXGroup;
			children = (
				1CA8ED40231A0D1000305444 /* Assets.xcassets */,
			);
			path = Resourse;
			sourceTree = "<group>";
		};
		1CA8ED56231A0DD700305444 /* Controllers */ = {
			isa = PBXGroup;
			children = (
				1CA8ED4B231A0D2600305444 /* AutorizationViewController.swift */,
				1C6B1415231AF88C003BE8DE /* ProductTableViewController.swift */,
				1C8743AA231C3131001EB4B8 /* DetailTableViewController.swift */,
			);
			path = Controllers;
			sourceTree = "<group>";
		};
/* End PBXGroup section */

/* Begin PBXNativeTarget section */
		1CA8ED33231A0D0F00305444 /* NewAzsProduct */ = {
			isa = PBXNativeTarget;
			buildConfigurationList = 1CA8ED48231A0D1000305444 /* Build configuration list for PBXNativeTarget "NewAzsProduct" */;
			buildPhases = (
				1CA8ED30231A0D0F00305444 /* Sources */,
				1CA8ED31231A0D0F00305444 /* Frameworks */,
				1CA8ED32231A0D0F00305444 /* Resources */,
			);
			buildRules = (
			);
			dependencies = (
			);
			name = NewAzsProduct;
			productName = NewAzsProduct;
			productReference = 1CA8ED34231A0D0F00305444 /* NewAzsProduct.app */;
			productType = "com.apple.product-type.application";
		};
/* End PBXNativeTarget section */

/* Begin PBXProject section */
		1CA8ED2C231A0D0F00305444 /* Project object */ = {
			isa = PBXProject;
			attributes = {
				LastSwiftUpdateCheck = 1100;
				LastUpgradeCheck = 1100;
				ORGANIZATIONNAME = "Сергей Косилов";
				TargetAttributes = {
					1CA8ED33231A0D0F00305444 = {
						CreatedOnToolsVersion = 11.0;
					};
				};
			};
			buildConfigurationList = 1CA8ED2F231A0D0F00305444 /* Build configuration list for PBXProject "NewAzsProduct" */;
			compatibilityVersion = "Xcode 9.3";
			developmentRegion = en;
			hasScannedForEncodings = 0;
			knownRegions = (
				en,
				Base,
			);
			mainGroup = 1CA8ED2B231A0D0F00305444;
			productRefGroup = 1CA8ED35231A0D0F00305444 /* Products */;
			projectDirPath = "";
			projectRoot = "";
			targets = (
				1CA8ED33231A0D0F00305444 /* NewAzsProduct */,
			);
		};
/* End PBXProject section */

/* Begin PBXResourcesBuildPhase section */
		1CA8ED32231A0D0F00305444 /* Resources */ = {
			isa = PBXResourcesBuildPhase;
			buildActionMask = 2147483647;
			files = (
				1CA8ED44231A0D1000305444 /* LaunchScreen.storyboard in Resources */,
				1CA8ED41231A0D1000305444 /* Assets.xcassets in Resources */,
				1CA8ED3F231A0D1000305444 /* Main.storyboard in Resources */,
			);
			runOnlyForDeploymentPostprocessing = 0;
		};
/* End PBXResourcesBuildPhase section */

/* Begin PBXSourcesBuildPhase section */
		1CA8ED30231A0D0F00305444 /* Sources */ = {
			isa = PBXSourcesBuildPhase;
			buildActionMask = 2147483647;
			files = (
				1C2718952320400500FC4C3B /* NameTextField.swift in Sources */,
				1C2718972320403500FC4C3B /* IdTextField.swift in Sources */,
				1C6B1412231AE13D003BE8DE /* TypeProduct.swift in Sources */,
				1C8743AB231C3131001EB4B8 /* DetailTableViewController.swift in Sources */,
				1CE2340C231DE5DE005F738F /* NameTableViewCell.swift in Sources */,
				1C6B1414231AE33D003BE8DE /* Azs.swift in Sources */,
				1C27188F231EEF9600FC4C3B /* TypePickerView.swift in Sources */,
				1CE23418231DE833005F738F /* ShelvesPickerTableViewCell.swift in Sources */,
				1C8743D3231D6908001EB4B8 /* MyButton.swift in Sources */,
				1CA8ED38231A0D0F00305444 /* AppDelegate.swift in Sources */,
				1CE2340A231DA7DA005F738F /* ExpendablesProduct.swift in Sources */,
				1CE23412231DE741005F738F /* DateLabelTableViewCell.swift in Sources */,
				1C6B1410231AE094003BE8DE /* ProductAzs.swift in Sources */,
				1C6B1416231AF88C003BE8DE /* ProductTableViewController.swift in Sources */,
				1C6B1408231AD903003BE8DE /* UserAzs.swift in Sources */,
				1CA8ED4C231A0D2600305444 /* AutorizationViewController.swift in Sources */,
				1CE23410231DE6F0005F738F /* TypePickerTableViewCell.swift in Sources */,
				1C271891231EEFD300FC4C3B /* ShelvesPickerView.swift in Sources */,
				1CA8ED3A231A0D0F00305444 /* SceneDelegate.swift in Sources */,
				1C6B140E231ADE44003BE8DE /* Shelves.swift in Sources */,
				1CE2340E231DE61D005F738F /* TypeNameTableViewCell.swift in Sources */,
				1C6B140C231ADD91003BE8DE /* UserTypeAzs.swift in Sources */,
				1C27189323203FA900FC4C3B /* IdTableViewCell.swift in Sources */,
				1CE23414231DE785005F738F /* DatePickerTableViewCell.swift in Sources */,
				1CE23416231DE7E9005F738F /* ShelvesLabelTableViewCell.swift in Sources */,
			);
			runOnlyForDeploymentPostprocessing = 0;
		};
/* End PBXSourcesBuildPhase section */

/* Begin PBXVariantGroup section */
		1CA8ED3D231A0D1000305444 /* Main.storyboard */ = {
			isa = PBXVariantGroup;
			children = (
				1CA8ED3E231A0D1000305444 /* Base */,
			);
			name = Main.storyboard;
			sourceTree = "<group>";
		};
		1CA8ED42231A0D1000305444 /* LaunchScreen.storyboard */ = {
			isa = PBXVariantGroup;
			children = (
				1CA8ED43231A0D1000305444 /* Base */,
			);
			name = LaunchScreen.storyboard;
			sourceTree = "<group>";
		};
/* End PBXVariantGroup section */

/* Begin XCBuildConfiguration section */
		1CA8ED46231A0D1000305444 /* Debug */ = {
			isa = XCBuildConfiguration;
			buildSettings = {
				ALWAYS_SEARCH_USER_PATHS = NO;
				CLANG_ANALYZER_NONNULL = YES;
				CLANG_ANALYZER_NUMBER_OBJECT_CONVERSION = YES_AGGRESSIVE;
				CLANG_CXX_LANGUAGE_STANDARD = "gnu++14";
				CLANG_CXX_LIBRARY = "libc++";
				CLANG_ENABLE_MODULES = YES;
				CLANG_ENABLE_OBJC_ARC = YES;
				CLANG_ENABLE_OBJC_WEAK = YES;
				CLANG_WARN_BLOCK_CAPTURE_AUTORELEASING = YES;
				CLANG_WARN_BOOL_CONVERSION = YES;
				CLANG_WARN_COMMA = YES;
				CLANG_WARN_CONSTANT_CONVERSION = YES;
				CLANG_WARN_DEPRECATED_OBJC_IMPLEMENTATIONS = YES;
				CLANG_WARN_DIRECT_OBJC_ISA_USAGE = YES_ERROR;
				CLANG_WARN_DOCUMENTATION_COMMENTS = YES;
				CLANG_WARN_EMPTY_BODY = YES;
				CLANG_WARN_ENUM_CONVERSION = YES;
				CLANG_WARN_INFINITE_RECURSION = YES;
				CLANG_WARN_INT_CONVERSION = YES;
				CLANG_WARN_NON_LITERAL_NULL_CONVERSION = YES;
				CLANG_WARN_OBJC_IMPLICIT_RETAIN_SELF = YES;
				CLANG_WARN_OBJC_LITERAL_CONVERSION = YES;
				CLANG_WARN_OBJC_ROOT_CLASS = YES_ERROR;
				CLANG_WARN_RANGE_LOOP_ANALYSIS = YES;
				CLANG_WARN_STRICT_PROTOTYPES = YES;
				CLANG_WARN_SUSPICIOUS_MOVE = YES;
				CLANG_WARN_UNGUARDED_AVAILABILITY = YES_AGGRESSIVE;
				CLANG_WARN_UNREACHABLE_CODE = YES;
				CLANG_WARN__DUPLICATE_METHOD_MATCH = YES;
				COPY_PHASE_STRIP = NO;
				DEBUG_INFORMATION_FORMAT = dwarf;
				ENABLE_STRICT_OBJC_MSGSEND = YES;
				ENABLE_TESTABILITY = YES;
				GCC_C_LANGUAGE_STANDARD = gnu11;
				GCC_DYNAMIC_NO_PIC = NO;
				GCC_NO_COMMON_BLOCKS = YES;
				GCC_OPTIMIZATION_LEVEL = 0;
				GCC_PREPROCESSOR_DEFINITIONS = (
					"DEBUG=1",
					"$(inherited)",
				);
				GCC_WARN_64_TO_32_BIT_CONVERSION = YES;
				GCC_WARN_ABOUT_RETURN_TYPE = YES_ERROR;
				GCC_WARN_UNDECLARED_SELECTOR = YES;
				GCC_WARN_UNINITIALIZED_AUTOS = YES_AGGRESSIVE;
				GCC_WARN_UNUSED_FUNCTION = YES;
				GCC_WARN_UNUSED_VARIABLE = YES;
				IPHONEOS_DEPLOYMENT_TARGET = 13.0;
				MTL_ENABLE_DEBUG_INFO = INCLUDE_SOURCE;
				MTL_FAST_MATH = YES;
				ONLY_ACTIVE_ARCH = YES;
				SDKROOT = iphoneos;
				SWIFT_ACTIVE_COMPILATION_CONDITIONS = DEBUG;
				SWIFT_OPTIMIZATION_LEVEL = "-Onone";
			};
			name = Debug;
		};
		1CA8ED47231A0D1000305444 /* Release */ = {
			isa = XCBuildConfiguration;
			buildSettings = {
				ALWAYS_SEARCH_USER_PATHS = NO;
				CLANG_ANALYZER_NONNULL = YES;
				CLANG_ANALYZER_NUMBER_OBJECT_CONVERSION = YES_AGGRESSIVE;
				CLANG_CXX_LANGUAGE_STANDARD = "gnu++14";
				CLANG_CXX_LIBRARY = "libc++";
				CLANG_ENABLE_MODULES = YES;
				CLANG_ENABLE_OBJC_ARC = YES;
				CLANG_ENABLE_OBJC_WEAK = YES;
				CLANG_WARN_BLOCK_CAPTURE_AUTORELEASING = YES;
				CLANG_WARN_BOOL_CONVERSION = YES;
				CLANG_WARN_COMMA = YES;
				CLANG_WARN_CONSTANT_CONVERSION = YES;
				CLANG_WARN_DEPRECATED_OBJC_IMPLEMENTATIONS = YES;
				CLANG_WARN_DIRECT_OBJC_ISA_USAGE = YES_ERROR;
				CLANG_WARN_DOCUMENTATION_COMMENTS = YES;
				CLANG_WARN_EMPTY_BODY = YES;
				CLANG_WARN_ENUM_CONVERSION = YES;
				CLANG_WARN_INFINITE_RECURSION = YES;
				CLANG_WARN_INT_CONVERSION = YES;
				CLANG_WARN_NON_LITERAL_NULL_CONVERSION = YES;
				CLANG_WARN_OBJC_IMPLICIT_RETAIN_SELF = YES;
				CLANG_WARN_OBJC_LITERAL_CONVERSION = YES;
				CLANG_WARN_OBJC_ROOT_CLASS = YES_ERROR;
				CLANG_WARN_RANGE_LOOP_ANALYSIS = YES;
				CLANG_WARN_STRICT_PROTOTYPES = YES;
				CLANG_WARN_SUSPICIOUS_MOVE = YES;
				CLANG_WARN_UNGUARDED_AVAILABILITY = YES_AGGRESSIVE;
				CLANG_WARN_UNREACHABLE_CODE = YES;
				CLANG_WARN__DUPLICATE_METHOD_MATCH = YES;
				COPY_PHASE_STRIP = NO;
				DEBUG_INFORMATION_FORMAT = "dwarf-with-dsym";
				ENABLE_NS_ASSERTIONS = NO;
				ENABLE_STRICT_OBJC_MSGSEND = YES;
				GCC_C_LANGUAGE_STANDARD = gnu11;
				GCC_NO_COMMON_BLOCKS = YES;
				GCC_WARN_64_TO_32_BIT_CONVERSION = YES;
				GCC_WARN_ABOUT_RETURN_TYPE = YES_ERROR;
				GCC_WARN_UNDECLARED_SELECTOR = YES;
				GCC_WARN_UNINITIALIZED_AUTOS = YES_AGGRESSIVE;
				GCC_WARN_UNUSED_FUNCTION = YES;
				GCC_WARN_UNUSED_VARIABLE = YES;
				IPHONEOS_DEPLOYMENT_TARGET = 13.0;
				MTL_ENABLE_DEBUG_INFO = NO;
				MTL_FAST_MATH = YES;
				SDKROOT = iphoneos;
				SWIFT_COMPILATION_MODE = wholemodule;
				SWIFT_OPTIMIZATION_LEVEL = "-O";
				VALIDATE_PRODUCT = YES;
			};
			name = Release;
		};
		1CA8ED49231A0D1000305444 /* Debug */ = {
			isa = XCBuildConfiguration;
			buildSettings = {
				ASSETCATALOG_COMPILER_APPICON_NAME = AppIcon;
				CODE_SIGN_STYLE = Automatic;
				INFOPLIST_FILE = NewAzsProduct/Info.plist;
				LD_RUNPATH_SEARCH_PATHS = (
					"$(inherited)",
					"@executable_path/Frameworks",
				);
				PRODUCT_BUNDLE_IDENTIFIER = "Sergey-Kosilov.NewAzsProduct";
				PRODUCT_NAME = "$(TARGET_NAME)";
				SWIFT_VERSION = 5.0;
				TARGETED_DEVICE_FAMILY = "1,2";
			};
			name = Debug;
		};
		1CA8ED4A231A0D1000305444 /* Release */ = {
			isa = XCBuildConfiguration;
			buildSettings = {
				ASSETCATALOG_COMPILER_APPICON_NAME = AppIcon;
				CODE_SIGN_STYLE = Automatic;
				INFOPLIST_FILE = NewAzsProduct/Info.plist;
				LD_RUNPATH_SEARCH_PATHS = (
					"$(inherited)",
					"@executable_path/Frameworks",
				);
				PRODUCT_BUNDLE_IDENTIFIER = "Sergey-Kosilov.NewAzsProduct";
				PRODUCT_NAME = "$(TARGET_NAME)";
				SWIFT_VERSION = 5.0;
				TARGETED_DEVICE_FAMILY = "1,2";
			};
			name = Release;
		};
/* End XCBuildConfiguration section */

/* Begin XCConfigurationList section */
		1CA8ED2F231A0D0F00305444 /* Build configuration list for PBXProject "NewAzsProduct" */ = {
			isa = XCConfigurationList;
			buildConfigurations = (
				1CA8ED46231A0D1000305444 /* Debug */,
				1CA8ED47231A0D1000305444 /* Release */,
			);
			defaultConfigurationIsVisible = 0;
			defaultConfigurationName = Release;
		};
		1CA8ED48231A0D1000305444 /* Build configuration list for PBXNativeTarget "NewAzsProduct" */ = {
			isa = XCConfigurationList;
			buildConfigurations = (
				1CA8ED49231A0D1000305444 /* Debug */,
				1CA8ED4A231A0D1000305444 /* Release */,
			);
			defaultConfigurationIsVisible = 0;
			defaultConfigurationName = Release;
		};
/* End XCConfigurationList section */
	};
	rootObject = 1CA8ED2C231A0D0F00305444 /* Project object */;
}
